
Microsoft Visual Studio Solution File, Format Version 12.00
# Visual Studio Version 16
VisualStudioVersion = 16.0.31025.194
MinimumVisualStudioVersion = 10.0.40219.1
Project("{FAE04EC0-301F-11D3-BF4B-00C04F79EFBC}") = "MyGame", "MyGame\MyGame.csproj", "{F9D5CB62-BA1B-4606-8E6B-310F30DC1A55}"
EndProject
Global
	GlobalSection(SolutionConfigurationPlatforms) = preSolution
		Debug|Any CPU = Debug|Any CPU
		Release|Any CPU = Release|Any CPU
	EndGlobalSection
	GlobalSection(ProjectConfigurationPlatforms) = postSolution
		{F9D5CB62-BA1B-4606-8E6B-310F30DC1A55}.Debug|Any CPU.ActiveCfg = Debug|Any CPU
		{F9D5CB62-BA1B-4606-8E6B-310F30DC1A55}.Debug|Any CPU.Build.0 = Debug|Any CPU
		{F9D5CB62-BA1B-4606-8E6B-310F30DC1A55}.Release|Any CPU.ActiveCfg = Release|Any CPU
		{F9D5CB62-BA1B-4606-8E6B-310F30DC1A55}.Release|Any CPU.Build.0 = Release|Any CPU
	EndGlobalSection
	GlobalSection(SolutionProperties) = preSolution
		HideSolutionNode = FALSE
	EndGlobalSection
	GlobalSection(ExtensibilityGlobals) = postSolution
		SolutionGuid = {1435C0C9-9E29-4148-A5EF-3B94128D5B82}
	EndGlobalSection
EndGlobal
